# This file is automatically @generated by Cargo.
# It is not intended for manual editing.
version = 3

[[package]]
name = "boundless-canvas"
version = "0.1.0"
dependencies = [
 "ultraviolet",
]

[[package]]
name = "bytemuck"
version = "1.10.0"
source = "registry+https://github.com/rust-lang/crates.io-index"
checksum = "c53dfa917ec274df8ed3c572698f381a24eef2efba9492d797301b72b6db408a"

[[package]]
name = "safe_arch"
version = "0.6.0"
source = "registry+https://github.com/rust-lang/crates.io-index"
checksum = "794821e4ccb0d9f979512f9c1973480123f9bd62a90d74ab0f9426fcf8f4a529"
dependencies = [
 "bytemuck",
]

[[package]]
name = "ultraviolet"
version = "0.9.0"
source = "registry+https://github.com/rust-lang/crates.io-index"
checksum = "bf2728f3858937f50df6d92b741f53ef8fd5b5ae23b03b73fb9ac891e980df3b"
dependencies = [
 "wide",
]

[[package]]
name = "wide"
version = "0.7.4"
source = "registry+https://github.com/rust-lang/crates.io-index"
checksum = "b3aba2d1dac31ac7cae82847ac5b8be822aee8f99a4e100f279605016b185c5f"
dependencies = [
 "bytemuck",
 "safe_arch",
]
